
Microsoft Visual Studio Solution File, Format Version 12.00
# Visual Studio Version 16
VisualStudioVersion = 16.0.30611.23
MinimumVisualStudioVersion = 10.0.40219.1
Project("{FAE04EC0-301F-11D3-BF4B-00C04F79EFBC}") = "ConsoleApp2", "ConsoleApp2\ConsoleApp2.csproj", "{1F7EFBC8-844D-4B74-82D9-F8B6DBA71AFE}"
EndProject
Project("{2150E333-8FDC-42A3-9474-1A3956D46DE8}") = "Solution Items", "Solution Items", "{578FB4EB-2730-4BD1-BAD8-E91F38C5B4BA}"
	ProjectSection(SolutionItems) = preProject
		.editorconfig = .editorconfig
	EndProjectSection
EndProject
Global
	GlobalSection(SolutionConfigurationPlatforms) = preSolution
		Debug|Any CPU = Debug|Any CPU
		Release|Any CPU = Release|Any CPU
	EndGlobalSection
	GlobalSection(ProjectConfigurationPlatforms) = postSolution
		{1F7EFBC8-844D-4B74-82D9-F8B6DBA71AFE}.Debug|Any CPU.ActiveCfg = Debug|Any CPU
		{1F7EFBC8-844D-4B74-82D9-F8B6DBA71AFE}.Debug|Any CPU.Build.0 = Debug|Any CPU
		{1F7EFBC8-844D-4B74-82D9-F8B6DBA71AFE}.Release|Any CPU.ActiveCfg = Release|Any CPU
		{1F7EFBC8-844D-4B74-82D9-F8B6DBA71AFE}.Release|Any CPU.Build.0 = Release|Any CPU
	EndGlobalSection
	GlobalSection(SolutionProperties) = preSolution
		HideSolutionNode = FALSE
	EndGlobalSection
	GlobalSection(ExtensibilityGlobals) = postSolution
		SolutionGuid = {04E2BC1F-D076-4638-A0FE-D3556C9A0453}
	EndGlobalSection
EndGlobal
